
Microsoft Visual Studio Solution File, Format Version 12.00
# Visual Studio 15
VisualStudioVersion = 15.0.27428.2015
MinimumVisualStudioVersion = 10.0.40219.1
Project("{FAE04EC0-301F-11D3-BF4B-00C04F79EFBC}") = "TodoApi", "TodoApi\TodoApi.csproj", "{A1562F7C-D008-43AD-AB52-9A179267E45F}"
EndProject
Global
	GlobalSection(SolutionConfigurationPlatforms) = preSolution
		Debug|Any CPU = Debug|Any CPU
		Release|Any CPU = Release|Any CPU
	EndGlobalSection
	GlobalSection(ProjectConfigurationPlatforms) = postSolution
		{A1562F7C-D008-43AD-AB52-9A179267E45F}.Debug|Any CPU.ActiveCfg = Debug|Any CPU
		{A1562F7C-D008-43AD-AB52-9A179267E45F}.Debug|Any CPU.Build.0 = Debug|Any CPU
		{A1562F7C-D008-43AD-AB52-9A179267E45F}.Release|Any CPU.ActiveCfg = Release|Any CPU
		{A1562F7C-D008-43AD-AB52-9A179267E45F}.Release|Any CPU.Build.0 = Release|Any CPU
	EndGlobalSection
	GlobalSection(SolutionProperties) = preSolution
		HideSolutionNode = FALSE
	EndGlobalSection
	GlobalSection(ExtensibilityGlobals) = postSolution
		SolutionGuid = {D7397D22-8A31-456E-AEDE-8AB1745F7A3A}
	EndGlobalSection
EndGlobal
